
Microsoft Visual Studio Solution File, Format Version 12.00
# Visual Studio Version 17
VisualStudioVersion = 17.8.34309.116
MinimumVisualStudioVersion = 10.0.40219.1
Project("{FAE04EC0-301F-11D3-BF4B-00C04F79EFBC}") = "CoreCustomMiddleware_0", "CoreCustomMiddleware_0\CoreCustomMiddleware_0.csproj", "{A1FB2FCB-072A-4A01-B5AB-3FB56BECB8B1}"
EndProject
Global
	GlobalSection(SolutionConfigurationPlatforms) = preSolution
		Debug|Any CPU = Debug|Any CPU
		Release|Any CPU = Release|Any CPU
	EndGlobalSection
	GlobalSection(ProjectConfigurationPlatforms) = postSolution
		{A1FB2FCB-072A-4A01-B5AB-3FB56BECB8B1}.Debug|Any CPU.ActiveCfg = Debug|Any CPU
		{A1FB2FCB-072A-4A01-B5AB-3FB56BECB8B1}.Debug|Any CPU.Build.0 = Debug|Any CPU
		{A1FB2FCB-072A-4A01-B5AB-3FB56BECB8B1}.Release|Any CPU.ActiveCfg = Release|Any CPU
		{A1FB2FCB-072A-4A01-B5AB-3FB56BECB8B1}.Release|Any CPU.Build.0 = Release|Any CPU
	EndGlobalSection
	GlobalSection(SolutionProperties) = preSolution
		HideSolutionNode = FALSE
	EndGlobalSection
	GlobalSection(ExtensibilityGlobals) = postSolution
		SolutionGuid = {015435FB-B80A-4ECC-A4B7-7660008ADAF8}
	EndGlobalSection
EndGlobal
